
Microsoft Visual Studio Solution File, Format Version 12.00
# Visual Studio Version 16
VisualStudioVersion = 16.0.31205.134
MinimumVisualStudioVersion = 10.0.40219.1
Project("{9A19103F-16F7-4668-BE54-9A1E7A4F7556}") = "EmployeeWage", "EmployeeWage\EmployeeWage.csproj", "{BD80270F-C7BD-40C8-83F3-9D7D40DFF6E7}"
EndProject
Project("{9A19103F-16F7-4668-BE54-9A1E7A4F7556}") = "UC1 EmployeeAttendance", "UC1 EmployeeAttendance\UC1 EmployeeAttendance.csproj", "{5D4C630E-4314-43FD-BDA8-707688469302}"
EndProject
Project("{9A19103F-16F7-4668-BE54-9A1E7A4F7556}") = "UC2 EmployeeDailyWaage", "UC2 EmployeeDailyWaage\UC2 EmployeeDailyWaage.csproj", "{9521347A-DFE3-4F81-AEB5-16CFA9402FFC}"
EndProject
Project("{9A19103F-16F7-4668-BE54-9A1E7A4F7556}") = "UC3 EmployeePartTimeWage", "UC3 EmployeePartTimeWage\UC3 EmployeePartTimeWage.csproj", "{7695DD56-1A87-418B-9D3D-907EF9E282BB}"
EndProject
Project("{9A19103F-16F7-4668-BE54-9A1E7A4F7556}") = "UC4 SwitchCase", "UC4 SwitchCase\UC4 SwitchCase.csproj", "{9515CEDA-B488-4977-94AB-C4573BE8EA12}"
EndProject
Project("{9A19103F-16F7-4668-BE54-9A1E7A4F7556}") = "UC5 CalculateMonthalyWage", "UC5 CalculateMonthalyWage\UC5 CalculateMonthalyWage.csproj", "{E77998EA-8CD7-4A2F-BF64-B953CC14F303}"
EndProject
Project("{FAE04EC0-301F-11D3-BF4B-00C04F79EFBC}") = "UC6 EmpWageForMonth", "UC6 EmpWageForMonth\UC6 EmpWageForMonth.csproj", "{E768BEC3-3A01-41D0-8D5C-D434B0528387}"
EndProject
Global
	GlobalSection(SolutionConfigurationPlatforms) = preSolution
		Debug|Any CPU = Debug|Any CPU
		Release|Any CPU = Release|Any CPU
	EndGlobalSection
	GlobalSection(ProjectConfigurationPlatforms) = postSolution
		{BD80270F-C7BD-40C8-83F3-9D7D40DFF6E7}.Debug|Any CPU.ActiveCfg = Debug|Any CPU
		{BD80270F-C7BD-40C8-83F3-9D7D40DFF6E7}.Debug|Any CPU.Build.0 = Debug|Any CPU
		{BD80270F-C7BD-40C8-83F3-9D7D40DFF6E7}.Release|Any CPU.ActiveCfg = Release|Any CPU
		{BD80270F-C7BD-40C8-83F3-9D7D40DFF6E7}.Release|Any CPU.Build.0 = Release|Any CPU
		{5D4C630E-4314-43FD-BDA8-707688469302}.Debug|Any CPU.ActiveCfg = Debug|Any CPU
		{5D4C630E-4314-43FD-BDA8-707688469302}.Debug|Any CPU.Build.0 = Debug|Any CPU
		{5D4C630E-4314-43FD-BDA8-707688469302}.Release|Any CPU.ActiveCfg = Release|Any CPU
		{5D4C630E-4314-43FD-BDA8-707688469302}.Release|Any CPU.Build.0 = Release|Any CPU
		{9521347A-DFE3-4F81-AEB5-16CFA9402FFC}.Debug|Any CPU.ActiveCfg = Debug|Any CPU
		{9521347A-DFE3-4F81-AEB5-16CFA9402FFC}.Debug|Any CPU.Build.0 = Debug|Any CPU
		{9521347A-DFE3-4F81-AEB5-16CFA9402FFC}.Release|Any CPU.ActiveCfg = Release|Any CPU
		{9521347A-DFE3-4F81-AEB5-16CFA9402FFC}.Release|Any CPU.Build.0 = Release|Any CPU
		{7695DD56-1A87-418B-9D3D-907EF9E282BB}.Debug|Any CPU.ActiveCfg = Debug|Any CPU
		{7695DD56-1A87-418B-9D3D-907EF9E282BB}.Debug|Any CPU.Build.0 = Debug|Any CPU
		{7695DD56-1A87-418B-9D3D-907EF9E282BB}.Release|Any CPU.ActiveCfg = Release|Any CPU
		{7695DD56-1A87-418B-9D3D-907EF9E282BB}.Release|Any CPU.Build.0 = Release|Any CPU
		{9515CEDA-B488-4977-94AB-C4573BE8EA12}.Debug|Any CPU.ActiveCfg = Debug|Any CPU
		{9515CEDA-B488-4977-94AB-C4573BE8EA12}.Debug|Any CPU.Build.0 = Debug|Any CPU
		{9515CEDA-B488-4977-94AB-C4573BE8EA12}.Release|Any CPU.ActiveCfg = Release|Any CPU
		{9515CEDA-B488-4977-94AB-C4573BE8EA12}.Release|Any CPU.Build.0 = Release|Any CPU
		{E77998EA-8CD7-4A2F-BF64-B953CC14F303}.Debug|Any CPU.ActiveCfg = Debug|Any CPU
		{E77998EA-8CD7-4A2F-BF64-B953CC14F303}.Debug|Any CPU.Build.0 = Debug|Any CPU
		{E77998EA-8CD7-4A2F-BF64-B953CC14F303}.Release|Any CPU.ActiveCfg = Release|Any CPU
		{E77998EA-8CD7-4A2F-BF64-B953CC14F303}.Release|Any CPU.Build.0 = Release|Any CPU
		{E768BEC3-3A01-41D0-8D5C-D434B0528387}.Debug|Any CPU.ActiveCfg = Debug|Any CPU
		{E768BEC3-3A01-41D0-8D5C-D434B0528387}.Debug|Any CPU.Build.0 = Debug|Any CPU
		{E768BEC3-3A01-41D0-8D5C-D434B0528387}.Release|Any CPU.ActiveCfg = Release|Any CPU
		{E768BEC3-3A01-41D0-8D5C-D434B0528387}.Release|Any CPU.Build.0 = Release|Any CPU
	EndGlobalSection
	GlobalSection(SolutionProperties) = preSolution
		HideSolutionNode = FALSE
	EndGlobalSection
	GlobalSection(ExtensibilityGlobals) = postSolution
		SolutionGuid = {D1C4CCE8-87FE-4CDB-B969-CEFA3E7A730D}
	EndGlobalSection
EndGlobal
