
Microsoft Visual Studio Solution File, Format Version 12.00
# Visual Studio Version 16
VisualStudioVersion = 16.0.31205.134
MinimumVisualStudioVersion = 10.0.40219.1
Project("{FAE04EC0-301F-11D3-BF4B-00C04F79EFBC}") = "hello world", "hello world\hello world.csproj", "{9AAFE79E-575C-498C-ADCE-BB8327268B0E}"
EndProject
Global
	GlobalSection(SolutionConfigurationPlatforms) = preSolution
		Debug|Any CPU = Debug|Any CPU
		Release|Any CPU = Release|Any CPU
	EndGlobalSection
	GlobalSection(ProjectConfigurationPlatforms) = postSolution
		{9AAFE79E-575C-498C-ADCE-BB8327268B0E}.Debug|Any CPU.ActiveCfg = Debug|Any CPU
		{9AAFE79E-575C-498C-ADCE-BB8327268B0E}.Debug|Any CPU.Build.0 = Debug|Any CPU
		{9AAFE79E-575C-498C-ADCE-BB8327268B0E}.Release|Any CPU.ActiveCfg = Release|Any CPU
		{9AAFE79E-575C-498C-ADCE-BB8327268B0E}.Release|Any CPU.Build.0 = Release|Any CPU
	EndGlobalSection
	GlobalSection(SolutionProperties) = preSolution
		HideSolutionNode = FALSE
	EndGlobalSection
	GlobalSection(ExtensibilityGlobals) = postSolution
		SolutionGuid = {1EEF007B-F0B5-4818-B176-EEFFEABF52D7}
	EndGlobalSection
EndGlobal
