
Microsoft Visual Studio Solution File, Format Version 12.00
# Visual Studio Version 16
VisualStudioVersion = 16.0.31205.134
MinimumVisualStudioVersion = 10.0.40219.1
Project("{9A19103F-16F7-4668-BE54-9A1E7A4F7556}") = "EmployeeAttendance", "EmployeeAttendance\EmployeeAttendance.csproj", "{F5E4D774-4582-42C8-893B-1F9F16FD83A8}"
EndProject
Project("{9A19103F-16F7-4668-BE54-9A1E7A4F7556}") = "Calculate EmployeeWage", "Calculate EmployeeWage\Calculate EmployeeWage.csproj", "{BFF0E97C-4FA6-4AF1-8D5F-F3EE0977E039}"
EndProject
Project("{9A19103F-16F7-4668-BE54-9A1E7A4F7556}") = "PartTimeWage", "PartTimeWage\PartTimeWage.csproj", "{3251F0FD-7B38-49E1-9480-25410A7B4929}"
EndProject
Project("{FAE04EC0-301F-11D3-BF4B-00C04F79EFBC}") = "UC10 ManageEmpWageOfMultipleCompany", "UC10 ManageEmpWageOfMultipleCompany\UC10 ManageEmpWageOfMultipleCompany.csproj", "{18DECEB8-6A65-4DC5-A2B5-0E92A8E5280E}"
EndProject
Global
	GlobalSection(SolutionConfigurationPlatforms) = preSolution
		Debug|Any CPU = Debug|Any CPU
		Release|Any CPU = Release|Any CPU
	EndGlobalSection
	GlobalSection(ProjectConfigurationPlatforms) = postSolution
		{F5E4D774-4582-42C8-893B-1F9F16FD83A8}.Debug|Any CPU.ActiveCfg = Debug|Any CPU
		{F5E4D774-4582-42C8-893B-1F9F16FD83A8}.Debug|Any CPU.Build.0 = Debug|Any CPU
		{F5E4D774-4582-42C8-893B-1F9F16FD83A8}.Release|Any CPU.ActiveCfg = Release|Any CPU
		{F5E4D774-4582-42C8-893B-1F9F16FD83A8}.Release|Any CPU.Build.0 = Release|Any CPU
		{BFF0E97C-4FA6-4AF1-8D5F-F3EE0977E039}.Debug|Any CPU.ActiveCfg = Debug|Any CPU
		{BFF0E97C-4FA6-4AF1-8D5F-F3EE0977E039}.Debug|Any CPU.Build.0 = Debug|Any CPU
		{BFF0E97C-4FA6-4AF1-8D5F-F3EE0977E039}.Release|Any CPU.ActiveCfg = Release|Any CPU
		{BFF0E97C-4FA6-4AF1-8D5F-F3EE0977E039}.Release|Any CPU.Build.0 = Release|Any CPU
		{3251F0FD-7B38-49E1-9480-25410A7B4929}.Debug|Any CPU.ActiveCfg = Debug|Any CPU
		{3251F0FD-7B38-49E1-9480-25410A7B4929}.Debug|Any CPU.Build.0 = Debug|Any CPU
		{3251F0FD-7B38-49E1-9480-25410A7B4929}.Release|Any CPU.ActiveCfg = Release|Any CPU
		{3251F0FD-7B38-49E1-9480-25410A7B4929}.Release|Any CPU.Build.0 = Release|Any CPU
		{18DECEB8-6A65-4DC5-A2B5-0E92A8E5280E}.Debug|Any CPU.ActiveCfg = Debug|Any CPU
		{18DECEB8-6A65-4DC5-A2B5-0E92A8E5280E}.Debug|Any CPU.Build.0 = Debug|Any CPU
		{18DECEB8-6A65-4DC5-A2B5-0E92A8E5280E}.Release|Any CPU.ActiveCfg = Release|Any CPU
		{18DECEB8-6A65-4DC5-A2B5-0E92A8E5280E}.Release|Any CPU.Build.0 = Release|Any CPU
	EndGlobalSection
	GlobalSection(SolutionProperties) = preSolution
		HideSolutionNode = FALSE
	EndGlobalSection
	GlobalSection(ExtensibilityGlobals) = postSolution
		SolutionGuid = {3E12F975-51A6-46A9-85AF-67273B8C0746}
	EndGlobalSection
EndGlobal
